
Microsoft Visual Studio Solution File, Format Version 12.00
# Visual Studio 15
VisualStudioVersion = 15.0.25807.0
MinimumVisualStudioVersion = 10.0.40219.1
Project("{2150E333-8FDC-42A3-9474-1A3956D46DE8}") = "Engine", "Engine", "{1461C346-FFC9-42A3-8A7B-7C85669719A3}"
EndProject
Project("{2150E333-8FDC-42A3-9474-1A3956D46DE8}") = "Enterprise", "Enterprise", "{60900251-8A33-47BD-85C6-F46D8CCA33FD}"
EndProject
Project("{2150E333-8FDC-42A3-9474-1A3956D46DE8}") = "Games", "Games", "{B28DD31B-0772-49D7-853C-F26CD23E2CA5}"
EndProject
Project("{8BC9CEB8-8B4A-11D0-8D11-00A0C91BC942}") = "UE4", "Intermediate\ProjectFiles\UE4.vcxproj", "{BF6AD907-96C2-4D9F-8E76-6BC2465E8A78}"
EndProject
Project("{8BC9CEB8-8B4A-11D0-8D11-00A0C91BC942}") = "Studio", "Intermediate\ProjectFiles\Studio.vcxproj", "{33C240F2-E0EE-4F58-A84F-A426B12C4D17}"
EndProject
Project("{8BC9CEB8-8B4A-11D0-8D11-00A0C91BC942}") = "salamander", "Intermediate\ProjectFiles\salamander.vcxproj", "{3F1C1870-A067-4ED7-9D2A-BF0F7CAE304C}"
EndProject
Project("{2150E333-8FDC-42A3-9474-1A3956D46DE8}") = "Visualizers", "Visualizers", "{0F0FD71D-91A1-44EA-9088-19F8FBC0AE94}"
	ProjectSection(SolutionItems) = preProject
		C:\Program Files\Epic Games\UE_4.22\Engine\Extras\VisualStudioDebugging\UE4.natvis = C:\Program Files\Epic Games\UE_4.22\Engine\Extras\VisualStudioDebugging\UE4.natvis
	EndProjectSection
EndProject
Global
	GlobalSection(SolutionConfigurationPlatforms) = preSolution
		DebugGame Editor|HTML5 = DebugGame Editor|HTML5
		DebugGame Editor|Win32 = DebugGame Editor|Win32
		DebugGame Editor|Win64 = DebugGame Editor|Win64
		DebugGame|HTML5 = DebugGame|HTML5
		DebugGame|Win32 = DebugGame|Win32
		DebugGame|Win64 = DebugGame|Win64
		Development Editor|HTML5 = Development Editor|HTML5
		Development Editor|Win32 = Development Editor|Win32
		Development Editor|Win64 = Development Editor|Win64
		Development|HTML5 = Development|HTML5
		Development|Win32 = Development|Win32
		Development|Win64 = Development|Win64
		Shipping|HTML5 = Shipping|HTML5
		Shipping|Win32 = Shipping|Win32
		Shipping|Win64 = Shipping|Win64
	EndGlobalSection
	GlobalSection(ProjectConfigurationPlatforms) = postSolution
		{BF6AD907-96C2-4D9F-8E76-6BC2465E8A78}.DebugGame Editor|HTML5.ActiveCfg = BuiltWithUnrealBuildTool|Win32
		{BF6AD907-96C2-4D9F-8E76-6BC2465E8A78}.DebugGame Editor|Win32.ActiveCfg = BuiltWithUnrealBuildTool|Win32
		{BF6AD907-96C2-4D9F-8E76-6BC2465E8A78}.DebugGame Editor|Win64.ActiveCfg = BuiltWithUnrealBuildTool|Win32
		{BF6AD907-96C2-4D9F-8E76-6BC2465E8A78}.DebugGame|HTML5.ActiveCfg = BuiltWithUnrealBuildTool|Win32
		{BF6AD907-96C2-4D9F-8E76-6BC2465E8A78}.DebugGame|Win32.ActiveCfg = BuiltWithUnrealBuildTool|Win32
		{BF6AD907-96C2-4D9F-8E76-6BC2465E8A78}.DebugGame|Win64.ActiveCfg = BuiltWithUnrealBuildTool|Win32
		{BF6AD907-96C2-4D9F-8E76-6BC2465E8A78}.Development Editor|HTML5.ActiveCfg = BuiltWithUnrealBuildTool|Win32
		{BF6AD907-96C2-4D9F-8E76-6BC2465E8A78}.Development Editor|Win32.ActiveCfg = BuiltWithUnrealBuildTool|Win32
		{BF6AD907-96C2-4D9F-8E76-6BC2465E8A78}.Development Editor|Win64.ActiveCfg = BuiltWithUnrealBuildTool|Win32
		{BF6AD907-96C2-4D9F-8E76-6BC2465E8A78}.Development|HTML5.ActiveCfg = BuiltWithUnrealBuildTool|Win32
		{BF6AD907-96C2-4D9F-8E76-6BC2465E8A78}.Development|Win32.ActiveCfg = BuiltWithUnrealBuildTool|Win32
		{BF6AD907-96C2-4D9F-8E76-6BC2465E8A78}.Development|Win64.ActiveCfg = BuiltWithUnrealBuildTool|Win32
		{BF6AD907-96C2-4D9F-8E76-6BC2465E8A78}.Shipping|HTML5.ActiveCfg = BuiltWithUnrealBuildTool|Win32
		{BF6AD907-96C2-4D9F-8E76-6BC2465E8A78}.Shipping|Win32.ActiveCfg = BuiltWithUnrealBuildTool|Win32
		{BF6AD907-96C2-4D9F-8E76-6BC2465E8A78}.Shipping|Win64.ActiveCfg = BuiltWithUnrealBuildTool|Win32
		{33C240F2-E0EE-4F58-A84F-A426B12C4D17}.DebugGame Editor|HTML5.ActiveCfg = BuiltWithUnrealBuildTool|Win32
		{33C240F2-E0EE-4F58-A84F-A426B12C4D17}.DebugGame Editor|Win32.ActiveCfg = BuiltWithUnrealBuildTool|Win32
		{33C240F2-E0EE-4F58-A84F-A426B12C4D17}.DebugGame Editor|Win64.ActiveCfg = BuiltWithUnrealBuildTool|Win32
		{33C240F2-E0EE-4F58-A84F-A426B12C4D17}.DebugGame|HTML5.ActiveCfg = BuiltWithUnrealBuildTool|Win32
		{33C240F2-E0EE-4F58-A84F-A426B12C4D17}.DebugGame|Win32.ActiveCfg = BuiltWithUnrealBuildTool|Win32
		{33C240F2-E0EE-4F58-A84F-A426B12C4D17}.DebugGame|Win64.ActiveCfg = BuiltWithUnrealBuildTool|Win32
		{33C240F2-E0EE-4F58-A84F-A426B12C4D17}.Development Editor|HTML5.ActiveCfg = BuiltWithUnrealBuildTool|Win32
		{33C240F2-E0EE-4F58-A84F-A426B12C4D17}.Development Editor|Win32.ActiveCfg = BuiltWithUnrealBuildTool|Win32
		{33C240F2-E0EE-4F58-A84F-A426B12C4D17}.Development Editor|Win64.ActiveCfg = BuiltWithUnrealBuildTool|Win32
		{33C240F2-E0EE-4F58-A84F-A426B12C4D17}.Development|HTML5.ActiveCfg = BuiltWithUnrealBuildTool|Win32
		{33C240F2-E0EE-4F58-A84F-A426B12C4D17}.Development|Win32.ActiveCfg = BuiltWithUnrealBuildTool|Win32
		{33C240F2-E0EE-4F58-A84F-A426B12C4D17}.Development|Win64.ActiveCfg = BuiltWithUnrealBuildTool|Win32
		{33C240F2-E0EE-4F58-A84F-A426B12C4D17}.Shipping|HTML5.ActiveCfg = BuiltWithUnrealBuildTool|Win32
		{33C240F2-E0EE-4F58-A84F-A426B12C4D17}.Shipping|Win32.ActiveCfg = BuiltWithUnrealBuildTool|Win32
		{33C240F2-E0EE-4F58-A84F-A426B12C4D17}.Shipping|Win64.ActiveCfg = BuiltWithUnrealBuildTool|Win32
		{3F1C1870-A067-4ED7-9D2A-BF0F7CAE304C}.DebugGame Editor|HTML5.ActiveCfg = Invalid|Win32
		{3F1C1870-A067-4ED7-9D2A-BF0F7CAE304C}.DebugGame Editor|Win32.ActiveCfg = Invalid|Win32
		{3F1C1870-A067-4ED7-9D2A-BF0F7CAE304C}.DebugGame Editor|Win64.ActiveCfg = DebugGame_Editor|x64
		{3F1C1870-A067-4ED7-9D2A-BF0F7CAE304C}.DebugGame Editor|Win64.Build.0 = DebugGame_Editor|x64
		{3F1C1870-A067-4ED7-9D2A-BF0F7CAE304C}.DebugGame|HTML5.ActiveCfg = HTML5_DebugGame|Win32
		{3F1C1870-A067-4ED7-9D2A-BF0F7CAE304C}.DebugGame|HTML5.Build.0 = HTML5_DebugGame|Win32
		{3F1C1870-A067-4ED7-9D2A-BF0F7CAE304C}.DebugGame|Win32.ActiveCfg = DebugGame|Win32
		{3F1C1870-A067-4ED7-9D2A-BF0F7CAE304C}.DebugGame|Win32.Build.0 = DebugGame|Win32
		{3F1C1870-A067-4ED7-9D2A-BF0F7CAE304C}.DebugGame|Win64.ActiveCfg = DebugGame|x64
		{3F1C1870-A067-4ED7-9D2A-BF0F7CAE304C}.DebugGame|Win64.Build.0 = DebugGame|x64
		{3F1C1870-A067-4ED7-9D2A-BF0F7CAE304C}.Development Editor|HTML5.ActiveCfg = Invalid|Win32
		{3F1C1870-A067-4ED7-9D2A-BF0F7CAE304C}.Development Editor|Win32.ActiveCfg = Invalid|Win32
		{3F1C1870-A067-4ED7-9D2A-BF0F7CAE304C}.Development Editor|Win64.ActiveCfg = Development_Editor|x64
		{3F1C1870-A067-4ED7-9D2A-BF0F7CAE304C}.Development Editor|Win64.Build.0 = Development_Editor|x64
		{3F1C1870-A067-4ED7-9D2A-BF0F7CAE304C}.Development|HTML5.ActiveCfg = HTML5_Development|Win32
		{3F1C1870-A067-4ED7-9D2A-BF0F7CAE304C}.Development|HTML5.Build.0 = HTML5_Development|Win32
		{3F1C1870-A067-4ED7-9D2A-BF0F7CAE304C}.Development|Win32.ActiveCfg = Development|Win32
		{3F1C1870-A067-4ED7-9D2A-BF0F7CAE304C}.Development|Win32.Build.0 = Development|Win32
		{3F1C1870-A067-4ED7-9D2A-BF0F7CAE304C}.Development|Win64.ActiveCfg = Development|x64
		{3F1C1870-A067-4ED7-9D2A-BF0F7CAE304C}.Development|Win64.Build.0 = Development|x64
		{3F1C1870-A067-4ED7-9D2A-BF0F7CAE304C}.Shipping|HTML5.ActiveCfg = HTML5_Shipping|Win32
		{3F1C1870-A067-4ED7-9D2A-BF0F7CAE304C}.Shipping|HTML5.Build.0 = HTML5_Shipping|Win32
		{3F1C1870-A067-4ED7-9D2A-BF0F7CAE304C}.Shipping|Win32.ActiveCfg = Shipping|Win32
		{3F1C1870-A067-4ED7-9D2A-BF0F7CAE304C}.Shipping|Win32.Build.0 = Shipping|Win32
		{3F1C1870-A067-4ED7-9D2A-BF0F7CAE304C}.Shipping|Win64.ActiveCfg = Shipping|x64
		{3F1C1870-A067-4ED7-9D2A-BF0F7CAE304C}.Shipping|Win64.Build.0 = Shipping|x64
	EndGlobalSection
	GlobalSection(SolutionProperties) = preSolution
		HideSolutionNode = FALSE
	EndGlobalSection
	GlobalSection(NestedProjects) = preSolution
		{BF6AD907-96C2-4D9F-8E76-6BC2465E8A78} = {1461C346-FFC9-42A3-8A7B-7C85669719A3}
		{33C240F2-E0EE-4F58-A84F-A426B12C4D17} = {60900251-8A33-47BD-85C6-F46D8CCA33FD}
		{3F1C1870-A067-4ED7-9D2A-BF0F7CAE304C} = {B28DD31B-0772-49D7-853C-F26CD23E2CA5}
	EndGlobalSection
EndGlobal
